
Microsoft Visual Studio Solution File, Format Version 12.00
# Visual Studio Version 17
VisualStudioVersion = 17.4.32916.344
MinimumVisualStudioVersion = 10.0.40219.1
Project("{FAE04EC0-301F-11D3-BF4B-00C04F79EFBC}") = "VideoTool", "VideoTool\VideoTool.csproj", "{BD253532-1828-40BA-B934-1E57C6DCFBD9}"
EndProject
Project("{FAE04EC0-301F-11D3-BF4B-00C04F79EFBC}") = "VideoToolRunnable", "VideoToolRunnable\VideoToolRunnable.csproj", "{A97457BB-8B82-40CC-85ED-ECBF8BD9434E}"
EndProject
Project("{9A19103F-16F7-4668-BE54-9A1E7A4F7556}") = "Disco!", "Disco!\Disco!.csproj", "{F384299A-B1C0-4408-9D5B-A87724329361}"
EndProject
Global
	GlobalSection(SolutionConfigurationPlatforms) = preSolution
		v1.2|Any CPU = v1.2|Any CPU
		v1.3|Any CPU = v1.3|Any CPU
		v1.4|Any CPU = v1.4|Any CPU
		v1.5|Any CPU = v1.5|Any CPU
		v1.6|Any CPU = v1.6|Any CPU
	EndGlobalSection
	GlobalSection(ProjectConfigurationPlatforms) = postSolution
		{BD253532-1828-40BA-B934-1E57C6DCFBD9}.v1.6|Any CPU.ActiveCfg = v1.6|Any CPU
		{BD253532-1828-40BA-B934-1E57C6DCFBD9}.v1.6|Any CPU.Build.0 = v1.6|Any CPU
		{BD253532-1828-40BA-B934-1E57C6DCFBD9}.v1.2|Any CPU.ActiveCfg = v1.4|Any CPU
		{BD253532-1828-40BA-B934-1E57C6DCFBD9}.v1.3|Any CPU.ActiveCfg = v1.4|Any CPU
		{BD253532-1828-40BA-B934-1E57C6DCFBD9}.v1.4|Any CPU.ActiveCfg = v1.4|Any CPU
		{BD253532-1828-40BA-B934-1E57C6DCFBD9}.v1.5|Any CPU.ActiveCfg = v1.5|Any CPU
		{BD253532-1828-40BA-B934-1E57C6DCFBD9}.v1.5|Any CPU.Build.0 = v1.5|Any CPU
		{BD253532-1828-40BA-B934-1E57C6DCFBD9}.v1.2|Any CPU.Build.0 = v1.4|Any CPU
		{BD253532-1828-40BA-B934-1E57C6DCFBD9}.v1.3|Any CPU.Build.0 = v1.4|Any CPU
		{BD253532-1828-40BA-B934-1E57C6DCFBD9}.v1.4|Any CPU.Build.0 = v1.4|Any CPU
		{A97457BB-8B82-40CC-85ED-ECBF8BD9434E}.v1.2|Any CPU.ActiveCfg = Release|Any CPU
		{A97457BB-8B82-40CC-85ED-ECBF8BD9434E}.v1.2|Any CPU.Build.0 = Release|Any CPU
		{A97457BB-8B82-40CC-85ED-ECBF8BD9434E}.v1.3|Any CPU.ActiveCfg = Release|Any CPU
		{A97457BB-8B82-40CC-85ED-ECBF8BD9434E}.v1.3|Any CPU.Build.0 = Release|Any CPU
		{A97457BB-8B82-40CC-85ED-ECBF8BD9434E}.v1.4|Any CPU.ActiveCfg = Release|Any CPU
		{A97457BB-8B82-40CC-85ED-ECBF8BD9434E}.v1.4|Any CPU.Build.0 = Release|Any CPU
		{A97457BB-8B82-40CC-85ED-ECBF8BD9434E}.v1.5|Any CPU.ActiveCfg = Release|Any CPU
		{A97457BB-8B82-40CC-85ED-ECBF8BD9434E}.v1.5|Any CPU.Build.0 = Release|Any CPU
		{A97457BB-8B82-40CC-85ED-ECBF8BD9434E}.v1.6|Any CPU.ActiveCfg = v1.6|Any CPU
		{A97457BB-8B82-40CC-85ED-ECBF8BD9434E}.v1.6|Any CPU.Build.0 = v1.6|Any CPU
		{F384299A-B1C0-4408-9D5B-A87724329361}.v1.2|Any CPU.ActiveCfg = v1.2|Any CPU
		{F384299A-B1C0-4408-9D5B-A87724329361}.v1.2|Any CPU.Build.0 = v1.2|Any CPU
		{F384299A-B1C0-4408-9D5B-A87724329361}.v1.3|Any CPU.ActiveCfg = v1.3|Any CPU
		{F384299A-B1C0-4408-9D5B-A87724329361}.v1.3|Any CPU.Build.0 = v1.3|Any CPU
		{F384299A-B1C0-4408-9D5B-A87724329361}.v1.4|Any CPU.ActiveCfg = v1.4|Any CPU
		{F384299A-B1C0-4408-9D5B-A87724329361}.v1.4|Any CPU.Build.0 = v1.4|Any CPU
		{F384299A-B1C0-4408-9D5B-A87724329361}.v1.5|Any CPU.ActiveCfg = v1.5|Any CPU
		{F384299A-B1C0-4408-9D5B-A87724329361}.v1.5|Any CPU.Build.0 = v1.5|Any CPU
		{F384299A-B1C0-4408-9D5B-A87724329361}.v1.6|Any CPU.ActiveCfg = v1.6|Any CPU
		{F384299A-B1C0-4408-9D5B-A87724329361}.v1.6|Any CPU.Build.0 = v1.6|Any CPU
	EndGlobalSection
	GlobalSection(SolutionProperties) = preSolution
		HideSolutionNode = FALSE
	EndGlobalSection
	GlobalSection(ExtensibilityGlobals) = postSolution
		SolutionGuid = {A87E8E5A-0038-495F-BF43-CE72C7D93E34}
	EndGlobalSection
EndGlobal
